// !$*UTF8*$!
{
	archiveVersion = 1;
	classes = {
	};
	objectVersion = 50;
	objects = {

/* Begin PBXBuildFile section */
		112D0B5825392F8400F75C7E /* AppDelegate.swift in Sources */ = {isa = PBXBuildFile; fileRef = 112D0B5725392F8400F75C7E /* AppDelegate.swift */; };
		112D0B5A25392F8400F75C7E /* SceneDelegate.swift in Sources */ = {isa = PBXBuildFile; fileRef = 112D0B5925392F8400F75C7E /* SceneDelegate.swift */; };
		112D0B5C25392F8400F75C7E /* ViewController.swift in Sources */ = {isa = PBXBuildFile; fileRef = 112D0B5B25392F8400F75C7E /* ViewController.swift */; };
		112D0B5F25392F8400F75C7E /* Main.storyboard in Resources */ = {isa = PBXBuildFile; fileRef = 112D0B5D25392F8400F75C7E /* Main.storyboard */; };
		112D0B6125392F8800F75C7E /* Assets.xcassets in Resources */ = {isa = PBXBuildFile; fileRef = 112D0B6025392F8800F75C7E /* Assets.xcassets */; };
		112D0B6425392F8800F75C7E /* LaunchScreen.storyboard in Resources */ = {isa = PBXBuildFile; fileRef = 112D0B6225392F8800F75C7E /* LaunchScreen.storyboard */; };
/* End PBXBuildFile section */

/* Begin PBXFileReference section */
		112D0B5425392F8400F75C7E /* mynovelisk-ios.app */ = {isa = PBXFileReference; explicitFileType = wrapper.application; includeInIndex = 0; path = "mynovelisk-ios.app"; sourceTree = BUILT_PRODUCTS_DIR; };
		112D0B5725392F8400F75C7E /* AppDelegate.swift */ = {isa = PBXFileReference; lastKnownFileType = sourcecode.swift; path = AppDelegate.swift; sourceTree = "<group>"; };
		112D0B5925392F8400F75C7E /* SceneDelegate.swift */ = {isa = PBXFileReference; lastKnownFileType = sourcecode.swift; path = SceneDelegate.swift; sourceTree = "<group>"; };
		112D0B5B25392F8400F75C7E /* ViewController.swift */ = {isa = PBXFileReference; lastKnownFileType = sourcecode.swift; path = ViewController.swift; sourceTree = "<group>"; };
		112D0B5E25392F8400F75C7E /* Base */ = {isa = PBXFileReference; lastKnownFileType = file.storyboard; name = Base; path = Base.lproj/Main.storyboard; sourceTree = "<group>"; };
		112D0B6025392F8800F75C7E /* Assets.xcassets */ = {isa = PBXFileReference; lastKnownFileType = folder.assetcatalog; path = Assets.xcassets; sourceTree = "<group>"; };
		112D0B6325392F8800F75C7E /* Base */ = {isa = PBXFileReference; lastKnownFileType = file.storyboard; name = Base; path = Base.lproj/LaunchScreen.storyboard; sourceTree = "<group>"; };
		112D0B6525392F8800F75C7E /* Info.plist */ = {isa = PBXFileReference; lastKnownFileType = text.plist.xml; path = Info.plist; sourceTree = "<group>"; };
/* End PBXFileReference section */

/* Begin PBXFrameworksBuildPhase section */
		112D0B5125392F8400F75C7E /* Frameworks */ = {
			isa = PBXFrameworksBuildPhase;
			buildActionMask = 2147483647;
			files = (
			);
			runOnlyForDeploymentPostprocessing = 0;
		};
/* End PBXFrameworksBuildPhase section */

/* Begin PBXGroup section */
		112D0B4B25392F8400F75C7E = {
			isa = PBXGroup;
			children = (
				112D0B5625392F8400F75C7E /* mynovelisk-ios */,
				112D0B5525392F8400F75C7E /* Products */,
			);
			sourceTree = "<group>";
		};
		112D0B5525392F8400F75C7E /* Products */ = {
			isa = PBXGroup;
			children = (
				112D0B5425392F8400F75C7E /* mynovelisk-ios.app */,
			);
			name = Products;
			sourceTree = "<group>";
		};
		112D0B5625392F8400F75C7E /* mynovelisk-ios */ = {
			isa = PBXGroup;
			children = (
				112D0B5725392F8400F75C7E /* AppDelegate.swift */,
				112D0B5925392F8400F75C7E /* SceneDelegate.swift */,
				112D0B5B25392F8400F75C7E /* ViewController.swift */,
				112D0B5D25392F8400F75C7E /* Main.storyboard */,
				112D0B6025392F8800F75C7E /* Assets.xcassets */,
				112D0B6225392F8800F75C7E /* LaunchScreen.storyboard */,
				112D0B6525392F8800F75C7E /* Info.plist */,
			);
			path = "mynovelisk-ios";
			sourceTree = "<group>";
		};
/* End PBXGroup section */

/* Begin PBXNativeTarget section */
		112D0B5325392F8400F75C7E /* mynovelisk-ios */ = {
			isa = PBXNativeTarget;
			buildConfigurationList = 112D0B6825392F8800F75C7E /* Build configuration list for PBXNativeTarget "mynovelisk-ios" */;
			buildPhases = (
				112D0B5025392F8400F75C7E /* Sources */,
				112D0B5125392F8400F75C7E /* Frameworks */,
				112D0B5225392F8400F75C7E /* Resources */,
			);
			buildRules = (
			);
			dependencies = (
			);
			name = "mynovelisk-ios";
			productName = "mynovelisk-ios";
			productReference = 112D0B5425392F8400F75C7E /* mynovelisk-ios.app */;
			productType = "com.apple.product-type.application";
		};
/* End PBXNativeTarget section */

/* Begin PBXProject section */
		112D0B4C25392F8400F75C7E /* Project object */ = {
			isa = PBXProject;
			attributes = {
				LastSwiftUpdateCheck = 1170;
				LastUpgradeCheck = 1170;
				ORGANIZATIONNAME = "Narindra Aditantyo";
				TargetAttributes = {
					112D0B5325392F8400F75C7E = {
						CreatedOnToolsVersion = 11.7;
					};
				};
			};
			buildConfigurationList = 112D0B4F25392F8400F75C7E /* Build configuration list for PBXProject "mynovelisk-ios" */;
			compatibilityVersion = "Xcode 9.3";
			developmentRegion = en;
			hasScannedForEncodings = 0;
			knownRegions = (
				en,
				Base,
			);
			mainGroup = 112D0B4B25392F8400F75C7E;
			productRefGroup = 112D0B5525392F8400F75C7E /* Products */;
			projectDirPath = "";
			projectRoot = "";
			targets = (
				112D0B5325392F8400F75C7E /* mynovelisk-ios */,
			);
		};
/* End PBXProject section */

/* Begin PBXResourcesBuildPhase section */
		112D0B5225392F8400F75C7E /* Resources */ = {
			isa = PBXResourcesBuildPhase;
			buildActionMask = 2147483647;
			files = (
				112D0B6425392F8800F75C7E /* LaunchScreen.storyboard in Resources */,
				112D0B6125392F8800F75C7E /* Assets.xcassets in Resources */,
				112D0B5F25392F8400F75C7E /* Main.storyboard in Resources */,
			);
			runOnlyForDeploymentPostprocessing = 0;
		};
/* End PBXResourcesBuildPhase section */

/* Begin PBXSourcesBuildPhase section */
		112D0B5025392F8400F75C7E /* Sources */ = {
			isa = PBXSourcesBuildPhase;
			buildActionMask = 2147483647;
			files = (
				112D0B5C25392F8400F75C7E /* ViewController.swift in Sources */,
				112D0B5825392F8400F75C7E /* AppDelegate.swift in Sources */,
				112D0B5A25392F8400F75C7E /* SceneDelegate.swift in Sources */,
			);
			runOnlyForDeploymentPostprocessing = 0;
		};
/* End PBXSourcesBuildPhase section */

/* Begin PBXVariantGroup section */
		112D0B5D25392F8400F75C7E /* Main.storyboard */ = {
			isa = PBXVariantGroup;
			children = (
				112D0B5E25392F8400F75C7E /* Base */,
			);
			name = Main.storyboard;
			sourceTree = "<group>";
		};
		112D0B6225392F8800F75C7E /* LaunchScreen.storyboard */ = {
			isa = PBXVariantGroup;
			children = (
				112D0B6325392F8800F75C7E /* Base */,
			);
			name = LaunchScreen.storyboard;
			sourceTree = "<group>";
		};
/* End PBXVariantGroup section */

/* Begin XCBuildConfiguration section */
		112D0B6625392F8800F75C7E /* Debug */ = {
			isa = XCBuildConfiguration;
			buildSettings = {
				ALWAYS_SEARCH_USER_PATHS = NO;
				CLANG_ANALYZER_NONNULL = YES;
				CLANG_ANALYZER_NUMBER_OBJECT_CONVERSION = YES_AGGRESSIVE;
				CLANG_CXX_LANGUAGE_STANDARD = "gnu++14";
				CLANG_CXX_LIBRARY = "libc++";
				CLANG_ENABLE_MODULES = YES;
				CLANG_ENABLE_OBJC_ARC = YES;
				CLANG_ENABLE_OBJC_WEAK = YES;
				CLANG_WARN_BLOCK_CAPTURE_AUTORELEASING = YES;
				CLANG_WARN_BOOL_CONVERSION = YES;
				CLANG_WARN_COMMA = YES;
				CLANG_WARN_CONSTANT_CONVERSION = YES;
				CLANG_WARN_DEPRECATED_OBJC_IMPLEMENTATIONS = YES;
				CLANG_WARN_DIRECT_OBJC_ISA_USAGE = YES_ERROR;
				CLANG_WARN_DOCUMENTATION_COMMENTS = YES;
				CLANG_WARN_EMPTY_BODY = YES;
				CLANG_WARN_ENUM_CONVERSION = YES;
				CLANG_WARN_INFINITE_RECURSION = YES;
				CLANG_WARN_INT_CONVERSION = YES;
				CLANG_WARN_NON_LITERAL_NULL_CONVERSION = YES;
				CLANG_WARN_OBJC_IMPLICIT_RETAIN_SELF = YES;
				CLANG_WARN_OBJC_LITERAL_CONVERSION = YES;
				CLANG_WARN_OBJC_ROOT_CLASS = YES_ERROR;
				CLANG_WARN_RANGE_LOOP_ANALYSIS = YES;
				CLANG_WARN_STRICT_PROTOTYPES = YES;
				CLANG_WARN_SUSPICIOUS_MOVE = YES;
				CLANG_WARN_UNGUARDED_AVAILABILITY = YES_AGGRESSIVE;
				CLANG_WARN_UNREACHABLE_CODE = YES;
				CLANG_WARN__DUPLICATE_METHOD_MATCH = YES;
				COPY_PHASE_STRIP = NO;
				DEBUG_INFORMATION_FORMAT = dwarf;
				ENABLE_STRICT_OBJC_MSGSEND = YES;
				ENABLE_TESTABILITY = YES;
				GCC_C_LANGUAGE_STANDARD = gnu11;
				GCC_DYNAMIC_NO_PIC = NO;
				GCC_NO_COMMON_BLOCKS = YES;
				GCC_OPTIMIZATION_LEVEL = 0;
				GCC_PREPROCESSOR_DEFINITIONS = (
					"DEBUG=1",
					"$(inherited)",
				);
				GCC_WARN_64_TO_32_BIT_CONVERSION = YES;
				GCC_WARN_ABOUT_RETURN_TYPE = YES_ERROR;
				GCC_WARN_UNDECLARED_SELECTOR = YES;
				GCC_WARN_UNINITIALIZED_AUTOS = YES_AGGRESSIVE;
				GCC_WARN_UNUSED_FUNCTION = YES;
				GCC_WARN_UNUSED_VARIABLE = YES;
				IPHONEOS_DEPLOYMENT_TARGET = 13.7;
				MTL_ENABLE_DEBUG_INFO = INCLUDE_SOURCE;
				MTL_FAST_MATH = YES;
				ONLY_ACTIVE_ARCH = YES;
				SDKROOT = iphoneos;
				SWIFT_ACTIVE_COMPILATION_CONDITIONS = DEBUG;
				SWIFT_OPTIMIZATION_LEVEL = "-Onone";
			};
			name = Debug;
		};
		112D0B6725392F8800F75C7E /* Release */ = {
			isa = XCBuildConfiguration;
			buildSettings = {
				ALWAYS_SEARCH_USER_PATHS = NO;
				CLANG_ANALYZER_NONNULL = YES;
				CLANG_ANALYZER_NUMBER_OBJECT_CONVERSION = YES_AGGRESSIVE;
				CLANG_CXX_LANGUAGE_STANDARD = "gnu++14";
				CLANG_CXX_LIBRARY = "libc++";
				CLANG_ENABLE_MODULES = YES;
				CLANG_ENABLE_OBJC_ARC = YES;
				CLANG_ENABLE_OBJC_WEAK = YES;
				CLANG_WARN_BLOCK_CAPTURE_AUTORELEASING = YES;
				CLANG_WARN_BOOL_CONVERSION = YES;
				CLANG_WARN_COMMA = YES;
				CLANG_WARN_CONSTANT_CONVERSION = YES;
				CLANG_WARN_DEPRECATED_OBJC_IMPLEMENTATIONS = YES;
				CLANG_WARN_DIRECT_OBJC_ISA_USAGE = YES_ERROR;
				CLANG_WARN_DOCUMENTATION_COMMENTS = YES;
				CLANG_WARN_EMPTY_BODY = YES;
				CLANG_WARN_ENUM_CONVERSION = YES;
				CLANG_WARN_INFINITE_RECURSION = YES;
				CLANG_WARN_INT_CONVERSION = YES;
				CLANG_WARN_NON_LITERAL_NULL_CONVERSION = YES;
				CLANG_WARN_OBJC_IMPLICIT_RETAIN_SELF = YES;
				CLANG_WARN_OBJC_LITERAL_CONVERSION = YES;
				CLANG_WARN_OBJC_ROOT_CLASS = YES_ERROR;
				CLANG_WARN_RANGE_LOOP_ANALYSIS = YES;
				CLANG_WARN_STRICT_PROTOTYPES = YES;
				CLANG_WARN_SUSPICIOUS_MOVE = YES;
				CLANG_WARN_UNGUARDED_AVAILABILITY = YES_AGGRESSIVE;
				CLANG_WARN_UNREACHABLE_CODE = YES;
				CLANG_WARN__DUPLICATE_METHOD_MATCH = YES;
				COPY_PHASE_STRIP = NO;
				DEBUG_INFORMATION_FORMAT = "dwarf-with-dsym";
				ENABLE_NS_ASSERTIONS = NO;
				ENABLE_STRICT_OBJC_MSGSEND = YES;
				GCC_C_LANGUAGE_STANDARD = gnu11;
				GCC_NO_COMMON_BLOCKS = YES;
				GCC_WARN_64_TO_32_BIT_CONVERSION = YES;
				GCC_WARN_ABOUT_RETURN_TYPE = YES_ERROR;
				GCC_WARN_UNDECLARED_SELECTOR = YES;
				GCC_WARN_UNINITIALIZED_AUTOS = YES_AGGRESSIVE;
				GCC_WARN_UNUSED_FUNCTION = YES;
				GCC_WARN_UNUSED_VARIABLE = YES;
				IPHONEOS_DEPLOYMENT_TARGET = 13.7;
				MTL_ENABLE_DEBUG_INFO = NO;
				MTL_FAST_MATH = YES;
				SDKROOT = iphoneos;
				SWIFT_COMPILATION_MODE = wholemodule;
				SWIFT_OPTIMIZATION_LEVEL = "-O";
				VALIDATE_PRODUCT = YES;
			};
			name = Release;
		};
		112D0B6925392F8800F75C7E /* Debug */ = {
			isa = XCBuildConfiguration;
			buildSettings = {
				ASSETCATALOG_COMPILER_APPICON_NAME = AppIcon;
				CODE_SIGN_STYLE = Automatic;
				INFOPLIST_FILE = "mynovelisk-ios/Info.plist";
				LD_RUNPATH_SEARCH_PATHS = (
					"$(inherited)",
					"@executable_path/Frameworks",
				);
				PRODUCT_BUNDLE_IDENTIFIER = "com.narindraditantyo.mynovelisk-ios";
				PRODUCT_NAME = "$(TARGET_NAME)";
				SWIFT_VERSION = 5.0;
				TARGETED_DEVICE_FAMILY = "1,2";
			};
			name = Debug;
		};
		112D0B6A25392F8800F75C7E /* Release */ = {
			isa = XCBuildConfiguration;
			buildSettings = {
				ASSETCATALOG_COMPILER_APPICON_NAME = AppIcon;
				CODE_SIGN_STYLE = Automatic;
				INFOPLIST_FILE = "mynovelisk-ios/Info.plist";
				LD_RUNPATH_SEARCH_PATHS = (
					"$(inherited)",
					"@executable_path/Frameworks",
				);
				PRODUCT_BUNDLE_IDENTIFIER = "com.narindraditantyo.mynovelisk-ios";
				PRODUCT_NAME = "$(TARGET_NAME)";
				SWIFT_VERSION = 5.0;
				TARGETED_DEVICE_FAMILY = "1,2";
			};
			name = Release;
		};
/* End XCBuildConfiguration section */

/* Begin XCConfigurationList section */
		112D0B4F25392F8400F75C7E /* Build configuration list for PBXProject "mynovelisk-ios" */ = {
			isa = XCConfigurationList;
			buildConfigurations = (
				112D0B6625392F8800F75C7E /* Debug */,
				112D0B6725392F8800F75C7E /* Release */,
			);
			defaultConfigurationIsVisible = 0;
			defaultConfigurationName = Release;
		};
		112D0B6825392F8800F75C7E /* Build configuration list for PBXNativeTarget "mynovelisk-ios" */ = {
			isa = XCConfigurationList;
			buildConfigurations = (
				112D0B6925392F8800F75C7E /* Debug */,
				112D0B6A25392F8800F75C7E /* Release */,
			);
			defaultConfigurationIsVisible = 0;
			defaultConfigurationName = Release;
		};
/* End XCConfigurationList section */
	};
	rootObject = 112D0B4C25392F8400F75C7E /* Project object */;
}
